<?xml version="1.0" encoding="UTF-8" standalone="yes" ?>
<CodeBlocks_project_file>
	<FileVersion major="1" minor="6" />
	<Project>
		<Option title="ESCAPE" />
		<Option pch_mode="2" />
		<Option compiler="gcc" />
		<Build>
			<Target title="Debug">
				<Option output="bin/Debug/ESCAPE" prefix_auto="1" extension_auto="1" />
				<Option object_output="obj/Debug/" />
				<Option type="1" />
				<Option compiler="gcc" />
				<Compiler>
					<Add option="-g" />
				</Compiler>
			</Target>
			<Target title="Release">
				<Option output="bin/Release/ESCAPE" prefix_auto="1" extension_auto="1" />
				<Option object_output="obj/Release/" />
				<Option type="1" />
				<Option compiler="gcc" />
				<Compiler>
					<Add option="-O2" />
				</Compiler>
				<Linker>
					<Add option="-s" />
				</Linker>
			</Target>
		</Build>
		<Compiler>
			<Add option="-Wall" />
			<Add option="-fexceptions" />
		</Compiler>
		<Unit filename="LTexture.cpp" />
		<Unit filename="LTexture.h" />
		<Unit filename="animate.cpp" />
		<Unit filename="animate.h" />
		<Unit filename="back.cpp" />
		<Unit filename="back.h" />
		<Unit filename="backpack.cpp" />
		<Unit filename="backpack.h" />
		<Unit filename="computer.cpp" />
		<Unit filename="computer.h" />
		<Unit filename="front.cpp" />
		<Unit filename="front.h" />
		<Unit filename="left.cpp" />
		<Unit filename="left.h" />
		<Unit filename="main.cpp" />
		<Unit filename="menu.cpp" />
		<Unit filename="menu.h" />
		<Unit filename="objecttemplate.cpp" />
		<Unit filename="objecttemplate.h" />
		<Unit filename="right.cpp" />
		<Unit filename="right.h" />
		<Extensions>
			<code_completion />
			<envvars />
			<debugger />
		</Extensions>
	</Project>
</CodeBlocks_project_file>
